PODS:
  - Alamofire (3.1.4)
  - Download-Font-iOS (1.0.0)
  - SwiftyJSON (2.3.2)

DEPENDENCIES:
  - Alamofire
  - Download-Font-iOS
  - SwiftyJSON

SPEC CHECKSUMS:
  Alamofire: fbc829692f351fa1d8a31dd75fd7f7f56fea31fb
  Download-Font-iOS: dd03455f94fc9c59447e666ece6ae4776ef6e797
  SwiftyJSON: 04ccea08915aa0109039157c7974cf0298da292a

COCOAPODS: 0.39.0
