// !$*UTF8*$!
{
	archiveVersion = 1;
	classes = {
	};
	objectVersion = 46;
	objects = {

/* Begin PBXBuildFile section */
		6706B77B0DDC646F7567D3D9 /* Pods_auto_timecart.framework in Frameworks */ = {isa = PBXBuildFile; fileRef = 50D0087F510A786A7F39861C /* Pods_auto_timecart.framework */; };
		6A13E3F61C301C5800173FAB /* AppDelegate.swift in Sources */ = {isa = PBXBuildFile; fileRef = 6A13E3F51C301C5800173FAB /* AppDelegate.swift */; };
		6A13E3F81C301C5800173FAB /* ViewController.swift in Sources */ = {isa = PBXBuildFile; fileRef = 6A13E3F71C301C5800173FAB /* ViewController.swift */; };
		6A13E3FB1C301C5800173FAB /* Main.storyboard in Resources */ = {isa = PBXBuildFile; fileRef = 6A13E3F91C301C5800173FAB /* Main.storyboard */; };
		6A13E3FD1C301C5800173FAB /* Assets.xcassets in Resources */ = {isa = PBXBuildFile; fileRef = 6A13E3FC1C301C5800173FAB /* Assets.xcassets */; };
		6A13E4001C301C5800173FAB /* LaunchScreen.storyboard in Resources */ = {isa = PBXBuildFile; fileRef = 6A13E3FE1C301C5800173FAB /* LaunchScreen.storyboard */; };
		6A13E40B1C301C5900173FAB /* auto_timecartTests.swift in Sources */ = {isa = PBXBuildFile; fileRef = 6A13E40A1C301C5900173FAB /* auto_timecartTests.swift */; };
		6A13E4161C301C5900173FAB /* auto_timecartUITests.swift in Sources */ = {isa = PBXBuildFile; fileRef = 6A13E4151C301C5900173FAB /* auto_timecartUITests.swift */; };
		6AB28BC91C4169480011C565 /* SweetAlert.swift in Sources */ = {isa = PBXBuildFile; fileRef = 6AB28BC81C4169480011C565 /* SweetAlert.swift */; settings = {ASSET_TAGS = (); }; };
		6AC1DB651C3D2914008CE4C2 /* UserRegistViewController.swift in Sources */ = {isa = PBXBuildFile; fileRef = 6AC1DB641C3D2914008CE4C2 /* UserRegistViewController.swift */; settings = {ASSET_TAGS = (); }; };
		6AC1DB671C416075008CE4C2 /* QuartzCore.framework in Frameworks */ = {isa = PBXBuildFile; fileRef = 6AC1DB661C416075008CE4C2 /* QuartzCore.framework */; };
/* End PBXBuildFile section */

/* Begin PBXContainerItemProxy section */
		6A13E4071C301C5900173FAB /* PBXContainerItemProxy */ = {
			isa = PBXContainerItemProxy;
			containerPortal = 6A13E3EA1C301C5800173FAB /* Project object */;
			proxyType = 1;
			remoteGlobalIDString = 6A13E3F11C301C5800173FAB;
			remoteInfo = auto_timecart;
		};
		6A13E4121C301C5900173FAB /* PBXContainerItemProxy */ = {
			isa = PBXContainerItemProxy;
			containerPortal = 6A13E3EA1C301C5800173FAB /* Project object */;
			proxyType = 1;
			remoteGlobalIDString = 6A13E3F11C301C5800173FAB;
			remoteInfo = auto_timecart;
		};
/* End PBXContainerItemProxy section */

/* Begin PBXFileReference section */
		50D0087F510A786A7F39861C /* Pods_auto_timecart.framework */ = {isa = PBXFileReference; explicitFileType = wrapper.framework; includeInIndex = 0; path = Pods_auto_timecart.framework; sourceTree = BUILT_PRODUCTS_DIR; };
		6A13E3F21C301C5800173FAB /* auto_timecart.app */ = {isa = PBXFileReference; explicitFileType = wrapper.application; includeInIndex = 0; path = auto_timecart.app; sourceTree = BUILT_PRODUCTS_DIR; };
		6A13E3F51C301C5800173FAB /* AppDelegate.swift */ = {isa = PBXFileReference; lastKnownFileType = sourcecode.swift; path = AppDelegate.swift; sourceTree = "<group>"; };
		6A13E3F71C301C5800173FAB /* ViewController.swift */ = {isa = PBXFileReference; lastKnownFileType = sourcecode.swift; path = ViewController.swift; sourceTree = "<group>"; };
		6A13E3FA1C301C5800173FAB /* Base */ = {isa = PBXFileReference; lastKnownFileType = file.storyboard; name = Base; path = Base.lproj/Main.storyboard; sourceTree = "<group>"; };
		6A13E3FC1C301C5800173FAB /* Assets.xcassets */ = {isa = PBXFileReference; lastKnownFileType = folder.assetcatalog; path = Assets.xcassets; sourceTree = "<group>"; };
		6A13E3FF1C301C5800173FAB /* Base */ = {isa = PBXFileReference; lastKnownFileType = file.storyboard; name = Base; path = Base.lproj/LaunchScreen.storyboard; sourceTree = "<group>"; };
		6A13E4011C301C5800173FAB /* Info.plist */ = {isa = PBXFileReference; lastKnownFileType = text.plist.xml; path = Info.plist; sourceTree = "<group>"; };
		6A13E4061C301C5900173FAB /* auto_timecartTests.xctest */ = {isa = PBXFileReference; explicitFileType = wrapper.cfbundle; includeInIndex = 0; path = auto_timecartTests.xctest; sourceTree = BUILT_PRODUCTS_DIR; };
		6A13E40A1C301C5900173FAB /* auto_timecartTests.swift */ = {isa = PBXFileReference; lastKnownFileType = sourcecode.swift; path = auto_timecartTests.swift; sourceTree = "<group>"; };
		6A13E40C1C301C5900173FAB /* Info.plist */ = {isa = PBXFileReference; lastKnownFileType = text.plist.xml; path = Info.plist; sourceTree = "<group>"; };
		6A13E4111C301C5900173FAB /* auto_timecartUITests.xctest */ = {isa = PBXFileReference; explicitFileType = wrapper.cfbundle; includeInIndex = 0; path = auto_timecartUITests.xctest; sourceTree = BUILT_PRODUCTS_DIR; };
		6A13E4151C301C5900173FAB /* auto_timecartUITests.swift */ = {isa = PBXFileReference; lastKnownFileType = sourcecode.swift; path = auto_timecartUITests.swift; sourceTree = "<group>"; };
		6A13E4171C301C5900173FAB /* Info.plist */ = {isa = PBXFileReference; lastKnownFileType = text.plist.xml; path = Info.plist; sourceTree = "<group>"; };
		6AB28BC81C4169480011C565 /* SweetAlert.swift */ = {isa = PBXFileReference; fileEncoding = 4; lastKnownFileType = sourcecode.swift; path = SweetAlert.swift; sourceTree = "<group>"; };
		6AC1DB641C3D2914008CE4C2 /* UserRegistViewController.swift */ = {isa = PBXFileReference; fileEncoding = 4; lastKnownFileType = sourcecode.swift; path = UserRegistViewController.swift; sourceTree = "<group>"; };
		6AC1DB661C416075008CE4C2 /* QuartzCore.framework */ = {isa = PBXFileReference; lastKnownFileType = wrapper.framework; name = QuartzCore.framework; path = System/Library/Frameworks/QuartzCore.framework; sourceTree = SDKROOT; };
		6AC220571C36EB79009B2468 /* Bridge-Header.h */ = {isa = PBXFileReference; lastKnownFileType = sourcecode.c.h; path = "Bridge-Header.h"; sourceTree = "<group>"; };
		CF1B5B18FDF962DF78FDF036 /* Pods-auto_timecart.debug.xcconfig */ = {isa = PBXFileReference; includeInIndex = 1; lastKnownFileType = text.xcconfig; name = "Pods-auto_timecart.debug.xcconfig"; path = "Pods/Target Support Files/Pods-auto_timecart/Pods-auto_timecart.debug.xcconfig"; sourceTree = "<group>"; };
		DF07FB0798F0552474338018 /* Pods-auto_timecart.release.xcconfig */ = {isa = PBXFileReference; includeInIndex = 1; lastKnownFileType = text.xcconfig; name = "Pods-auto_timecart.release.xcconfig"; path = "Pods/Target Support Files/Pods-auto_timecart/Pods-auto_timecart.release.xcconfig"; sourceTree = "<group>"; };
/* End PBXFileReference section */

/* Begin PBXFrameworksBuildPhase section */
		6A13E3EF1C301C5800173FAB /* Frameworks */ = {
			isa = PBXFrameworksBuildPhase;
			buildActionMask = 2147483647;
			files = (
				6706B77B0DDC646F7567D3D9 /* Pods_auto_timecart.framework in Frameworks */,
			);
			runOnlyForDeploymentPostprocessing = 0;
		};
		6A13E4031C301C5900173FAB /* Frameworks */ = {
			isa = PBXFrameworksBuildPhase;
			buildActionMask = 2147483647;
			files = (
			);
			runOnlyForDeploymentPostprocessing = 0;
		};
		6A13E40E1C301C5900173FAB /* Frameworks */ = {
			isa = PBXFrameworksBuildPhase;
			buildActionMask = 2147483647;
			files = (
				6AC1DB671C416075008CE4C2 /* QuartzCore.framework in Frameworks */,
			);
			runOnlyForDeploymentPostprocessing = 0;
		};
/* End PBXFrameworksBuildPhase section */

/* Begin PBXGroup section */
		6A13E3E91C301C5800173FAB = {
			isa = PBXGroup;
			children = (
				6A13E3F41C301C5800173FAB /* auto_timecart */,
				6A13E4091C301C5900173FAB /* auto_timecartTests */,
				6A13E4141C301C5900173FAB /* auto_timecartUITests */,
				6A13E3F31C301C5800173FAB /* Products */,
				FC40BD20020B6AFC4745D3C7 /* Pods */,
				EF27F459089F8966CA06D5E0 /* Frameworks */,
			);
			sourceTree = "<group>";
		};
		6A13E3F31C301C5800173FAB /* Products */ = {
			isa = PBXGroup;
			children = (
				6A13E3F21C301C5800173FAB /* auto_timecart.app */,
				6A13E4061C301C5900173FAB /* auto_timecartTests.xctest */,
				6A13E4111C301C5900173FAB /* auto_timecartUITests.xctest */,
			);
			name = Products;
			sourceTree = "<group>";
		};
		6A13E3F41C301C5800173FAB /* auto_timecart */ = {
			isa = PBXGroup;
			children = (
				6AB28BC81C4169480011C565 /* SweetAlert.swift */,
				6A13E3F51C301C5800173FAB /* AppDelegate.swift */,
				6A13E3F71C301C5800173FAB /* ViewController.swift */,
				6A13E3F91C301C5800173FAB /* Main.storyboard */,
				6A13E3FC1C301C5800173FAB /* Assets.xcassets */,
				6A13E3FE1C301C5800173FAB /* LaunchScreen.storyboard */,
				6A13E4011C301C5800173FAB /* Info.plist */,
				6AC220571C36EB79009B2468 /* Bridge-Header.h */,
				6AC1DB641C3D2914008CE4C2 /* UserRegistViewController.swift */,
			);
			path = auto_timecart;
			sourceTree = "<group>";
		};
		6A13E4091C301C5900173FAB /* auto_timecartTests */ = {
			isa = PBXGroup;
			children = (
				6A13E40A1C301C5900173FAB /* auto_timecartTests.swift */,
				6A13E40C1C301C5900173FAB /* Info.plist */,
			);
			path = auto_timecartTests;
			sourceTree = "<group>";
		};
		6A13E4141C301C5900173FAB /* auto_timecartUITests */ = {
			isa = PBXGroup;
			children = (
				6A13E4151C301C5900173FAB /* auto_timecartUITests.swift */,
				6A13E4171C301C5900173FAB /* Info.plist */,
			);
			path = auto_timecartUITests;
			sourceTree = "<group>";
		};
		EF27F459089F8966CA06D5E0 /* Frameworks */ = {
			isa = PBXGroup;
			children = (
				6AC1DB661C416075008CE4C2 /* QuartzCore.framework */,
				50D0087F510A786A7F39861C /* Pods_auto_timecart.framework */,
			);
			name = Frameworks;
			sourceTree = "<group>";
		};
		FC40BD20020B6AFC4745D3C7 /* Pods */ = {
			isa = PBXGroup;
			children = (
				CF1B5B18FDF962DF78FDF036 /* Pods-auto_timecart.debug.xcconfig */,
				DF07FB0798F0552474338018 /* Pods-auto_timecart.release.xcconfig */,
			);
			name = Pods;
			sourceTree = "<group>";
		};
/* End PBXGroup section */

/* Begin PBXNativeTarget section */
		6A13E3F11C301C5800173FAB /* auto_timecart */ = {
			isa = PBXNativeTarget;
			buildConfigurationList = 6A13E41A1C301C5900173FAB /* Build configuration list for PBXNativeTarget "auto_timecart" */;
			buildPhases = (
				62209572A5995052049E39DE /* Check Pods Manifest.lock */,
				6A13E3EE1C301C5800173FAB /* Sources */,
				6A13E3EF1C301C5800173FAB /* Frameworks */,
				6A13E3F01C301C5800173FAB /* Resources */,
				423A57495778ECAAC4AB1B8E /* Embed Pods Frameworks */,
				4BDE7E40EEEC108251E9450C /* Copy Pods Resources */,
			);
			buildRules = (
			);
			dependencies = (
			);
			name = auto_timecart;
			productName = auto_timecart;
			productReference = 6A13E3F21C301C5800173FAB /* auto_timecart.app */;
			productType = "com.apple.product-type.application";
		};
		6A13E4051C301C5900173FAB /* auto_timecartTests */ = {
			isa = PBXNativeTarget;
			buildConfigurationList = 6A13E41D1C301C5900173FAB /* Build configuration list for PBXNativeTarget "auto_timecartTests" */;
			buildPhases = (
				6A13E4021C301C5900173FAB /* Sources */,
				6A13E4031C301C5900173FAB /* Frameworks */,
				6A13E4041C301C5900173FAB /* Resources */,
			);
			buildRules = (
			);
			dependencies = (
				6A13E4081C301C5900173FAB /* PBXTargetDependency */,
			);
			name = auto_timecartTests;
			productName = auto_timecartTests;
			productReference = 6A13E4061C301C5900173FAB /* auto_timecartTests.xctest */;
			productType = "com.apple.product-type.bundle.unit-test";
		};
		6A13E4101C301C5900173FAB /* auto_timecartUITests */ = {
			isa = PBXNativeTarget;
			buildConfigurationList = 6A13E4201C301C5900173FAB /* Build configuration list for PBXNativeTarget "auto_timecartUITests" */;
			buildPhases = (
				6A13E40D1C301C5900173FAB /* Sources */,
				6A13E40E1C301C5900173FAB /* Frameworks */,
				6A13E40F1C301C5900173FAB /* Resources */,
			);
			buildRules = (
			);
			dependencies = (
				6A13E4131C301C5900173FAB /* PBXTargetDependency */,
			);
			name = auto_timecartUITests;
			productName = auto_timecartUITests;
			productReference = 6A13E4111C301C5900173FAB /* auto_timecartUITests.xctest */;
			productType = "com.apple.product-type.bundle.ui-testing";
		};
/* End PBXNativeTarget section */

/* Begin PBXProject section */
		6A13E3EA1C301C5800173FAB /* Project object */ = {
			isa = PBXProject;
			attributes = {
				LastUpgradeCheck = 0700;
				ORGANIZATIONNAME = "小林芳樹";
				TargetAttributes = {
					6A13E3F11C301C5800173FAB = {
						CreatedOnToolsVersion = 7.0;
						DevelopmentTeam = LCY9Z535A8;
					};
					6A13E4051C301C5900173FAB = {
						CreatedOnToolsVersion = 7.0;
						DevelopmentTeam = LCY9Z535A8;
						TestTargetID = 6A13E3F11C301C5800173FAB;
					};
					6A13E4101C301C5900173FAB = {
						CreatedOnToolsVersion = 7.0;
						DevelopmentTeam = LCY9Z535A8;
						TestTargetID = 6A13E3F11C301C5800173FAB;
					};
				};
			};
			buildConfigurationList = 6A13E3ED1C301C5800173FAB /* Build configuration list for PBXProject "auto_timecart" */;
			compatibilityVersion = "Xcode 3.2";
			developmentRegion = English;
			hasScannedForEncodings = 0;
			knownRegions = (
				en,
				Base,
			);
			mainGroup = 6A13E3E91C301C5800173FAB;
			productRefGroup = 6A13E3F31C301C5800173FAB /* Products */;
			projectDirPath = "";
			projectRoot = "";
			targets = (
				6A13E3F11C301C5800173FAB /* auto_timecart */,
				6A13E4051C301C5900173FAB /* auto_timecartTests */,
				6A13E4101C301C5900173FAB /* auto_timecartUITests */,
			);
		};
/* End PBXProject section */

/* Begin PBXResourcesBuildPhase section */
		6A13E3F01C301C5800173FAB /* Resources */ = {
			isa = PBXResourcesBuildPhase;
			buildActionMask = 2147483647;
			files = (
				6A13E4001C301C5800173FAB /* LaunchScreen.storyboard in Resources */,
				6A13E3FD1C301C5800173FAB /* Assets.xcassets in Resources */,
				6A13E3FB1C301C5800173FAB /* Main.storyboard in Resources */,
			);
			runOnlyForDeploymentPostprocessing = 0;
		};
		6A13E4041C301C5900173FAB /* Resources */ = {
			isa = PBXResourcesBuildPhase;
			buildActionMask = 2147483647;
			files = (
			);
			runOnlyForDeploymentPostprocessing = 0;
		};
		6A13E40F1C301C5900173FAB /* Resources */ = {
			isa = PBXResourcesBuildPhase;
			buildActionMask = 2147483647;
			files = (
			);
			runOnlyForDeploymentPostprocessing = 0;
		};
/* End PBXResourcesBuildPhase section */

/* Begin PBXShellScriptBuildPhase section */
		423A57495778ECAAC4AB1B8E /* Embed Pods Frameworks */ = {
			isa = PBXShellScriptBuildPhase;
			buildActionMask = 2147483647;
			files = (
			);
			inputPaths = (
			);
			name = "Embed Pods Frameworks";
			outputPaths = (
			);
			runOnlyForDeploymentPostprocessing = 0;
			shellPath = /bin/sh;
			shellScript = "\"${SRCROOT}/Pods/Target Support Files/Pods-auto_timecart/Pods-auto_timecart-frameworks.sh\"\n";
			showEnvVarsInLog = 0;
		};
		4BDE7E40EEEC108251E9450C /* Copy Pods Resources */ = {
			isa = PBXShellScriptBuildPhase;
			buildActionMask = 2147483647;
			files = (
			);
			inputPaths = (
			);
			name = "Copy Pods Resources";
			outputPaths = (
			);
			runOnlyForDeploymentPostprocessing = 0;
			shellPath = /bin/sh;
			shellScript = "\"${SRCROOT}/Pods/Target Support Files/Pods-auto_timecart/Pods-auto_timecart-resources.sh\"\n";
			showEnvVarsInLog = 0;
		};
		62209572A5995052049E39DE /* Check Pods Manifest.lock */ = {
			isa = PBXShellScriptBuildPhase;
			buildActionMask = 2147483647;
			files = (
			);
			inputPaths = (
			);
			name = "Check Pods Manifest.lock";
			outputPaths = (
			);
			runOnlyForDeploymentPostprocessing = 0;
			shellPath = /bin/sh;
			shellScript = "diff \"${PODS_ROOT}/../Podfile.lock\" \"${PODS_ROOT}/Manifest.lock\" > /dev/null\nif [[ $? != 0 ]] ; then\n    cat << EOM\nerror: The sandbox is not in sync with the Podfile.lock. Run 'pod install' or update your CocoaPods installation.\nEOM\n    exit 1\nfi\n";
			showEnvVarsInLog = 0;
		};
/* End PBXShellScriptBuildPhase section */

/* Begin PBXSourcesBuildPhase section */
		6A13E3EE1C301C5800173FAB /* Sources */ = {
			isa = PBXSourcesBuildPhase;
			buildActionMask = 2147483647;
			files = (
				6A13E3F81C301C5800173FAB /* ViewController.swift in Sources */,
				6A13E3F61C301C5800173FAB /* AppDelegate.swift in Sources */,
				6AC1DB651C3D2914008CE4C2 /* UserRegistViewController.swift in Sources */,
				6AB28BC91C4169480011C565 /* SweetAlert.swift in Sources */,
			);
			runOnlyForDeploymentPostprocessing = 0;
		};
		6A13E4021C301C5900173FAB /* Sources */ = {
			isa = PBXSourcesBuildPhase;
			buildActionMask = 2147483647;
			files = (
				6A13E40B1C301C5900173FAB /* auto_timecartTests.swift in Sources */,
			);
			runOnlyForDeploymentPostprocessing = 0;
		};
		6A13E40D1C301C5900173FAB /* Sources */ = {
			isa = PBXSourcesBuildPhase;
			buildActionMask = 2147483647;
			files = (
				6A13E4161C301C5900173FAB /* auto_timecartUITests.swift in Sources */,
			);
			runOnlyForDeploymentPostprocessing = 0;
		};
/* End PBXSourcesBuildPhase section */

/* Begin PBXTargetDependency section */
		6A13E4081C301C5900173FAB /* PBXTargetDependency */ = {
			isa = PBXTargetDependency;
			target = 6A13E3F11C301C5800173FAB /* auto_timecart */;
			targetProxy = 6A13E4071C301C5900173FAB /* PBXContainerItemProxy */;
		};
		6A13E4131C301C5900173FAB /* PBXTargetDependency */ = {
			isa = PBXTargetDependency;
			target = 6A13E3F11C301C5800173FAB /* auto_timecart */;
			targetProxy = 6A13E4121C301C5900173FAB /* PBXContainerItemProxy */;
		};
/* End PBXTargetDependency section */

/* Begin PBXVariantGroup section */
		6A13E3F91C301C5800173FAB /* Main.storyboard */ = {
			isa = PBXVariantGroup;
			children = (
				6A13E3FA1C301C5800173FAB /* Base */,
			);
			name = Main.storyboard;
			sourceTree = "<group>";
		};
		6A13E3FE1C301C5800173FAB /* LaunchScreen.storyboard */ = {
			isa = PBXVariantGroup;
			children = (
				6A13E3FF1C301C5800173FAB /* Base */,
			);
			name = LaunchScreen.storyboard;
			sourceTree = "<group>";
		};
/* End PBXVariantGroup section */

/* Begin XCBuildConfiguration section */
		6A13E4181C301C5900173FAB /* Debug */ = {
			isa = XCBuildConfiguration;
			buildSettings = {
				ALWAYS_SEARCH_USER_PATHS = NO;
				CLANG_CXX_LANGUAGE_STANDARD = "gnu++0x";
				CLANG_CXX_LIBRARY = "libc++";
				CLANG_ENABLE_MODULES = YES;
				CLANG_ENABLE_OBJC_ARC = YES;
				CLANG_WARN_BOOL_CONVERSION = YES;
				CLANG_WARN_CONSTANT_CONVERSION = YES;
				CLANG_WARN_DIRECT_OBJC_ISA_USAGE = YES_ERROR;
				CLANG_WARN_EMPTY_BODY = YES;
				CLANG_WARN_ENUM_CONVERSION = YES;
				CLANG_WARN_INT_CONVERSION = YES;
				CLANG_WARN_OBJC_ROOT_CLASS = YES_ERROR;
				CLANG_WARN_UNREACHABLE_CODE = YES;
				CLANG_WARN__DUPLICATE_METHOD_MATCH = YES;
				"CODE_SIGN_IDENTITY[sdk=iphoneos*]" = "iPhone Developer";
				COPY_PHASE_STRIP = NO;
				DEBUG_INFORMATION_FORMAT = dwarf;
				ENABLE_STRICT_OBJC_MSGSEND = YES;
				ENABLE_TESTABILITY = YES;
				GCC_C_LANGUAGE_STANDARD = gnu99;
				GCC_DYNAMIC_NO_PIC = NO;
				GCC_NO_COMMON_BLOCKS = YES;
				GCC_OPTIMIZATION_LEVEL = 0;
				GCC_PREPROCESSOR_DEFINITIONS = (
					"DEBUG=1",
					"$(inherited)",
				);
				GCC_WARN_64_TO_32_BIT_CONVERSION = YES;
				GCC_WARN_ABOUT_RETURN_TYPE = YES_ERROR;
				GCC_WARN_UNDECLARED_SELECTOR = YES;
				GCC_WARN_UNINITIALIZED_AUTOS = YES_AGGRESSIVE;
				GCC_WARN_UNUSED_FUNCTION = YES;
				GCC_WARN_UNUSED_VARIABLE = YES;
				IPHONEOS_DEPLOYMENT_TARGET = 9.0;
				MTL_ENABLE_DEBUG_INFO = YES;
				ONLY_ACTIVE_ARCH = YES;
				SDKROOT = iphoneos;
				SWIFT_OBJC_BRIDGING_HEADER = "/Users/kobayashiyoshiki/projects/auto_timecart/auto_timecart/Bridge-Header.h";
				"SWIFT_OBJC_BRIDGING_HEADER[arch=*]" = "/Users/kobayashiyoshiki/projects/auto_timecart/auto_timecart/Bridge-Header.h";
				SWIFT_OPTIMIZATION_LEVEL = "-Onone";
				TARGETED_DEVICE_FAMILY = "1,2";
			};
			name = Debug;
		};
		6A13E4191C301C5900173FAB /* Release */ = {
			isa = XCBuildConfiguration;
			buildSettings = {
				ALWAYS_SEARCH_USER_PATHS = NO;
				CLANG_CXX_LANGUAGE_STANDARD = "gnu++0x";
				CLANG_CXX_LIBRARY = "libc++";
				CLANG_ENABLE_MODULES = YES;
				CLANG_ENABLE_OBJC_ARC = YES;
				CLANG_WARN_BOOL_CONVERSION = YES;
				CLANG_WARN_CONSTANT_CONVERSION = YES;
				CLANG_WARN_DIRECT_OBJC_ISA_USAGE = YES_ERROR;
				CLANG_WARN_EMPTY_BODY = YES;
				CLANG_WARN_ENUM_CONVERSION = YES;
				CLANG_WARN_INT_CONVERSION = YES;
				CLANG_WARN_OBJC_ROOT_CLASS = YES_ERROR;
				CLANG_WARN_UNREACHABLE_CODE = YES;
				CLANG_WARN__DUPLICATE_METHOD_MATCH = YES;
				"CODE_SIGN_IDENTITY[sdk=iphoneos*]" = "iPhone Developer";
				COPY_PHASE_STRIP = NO;
				DEBUG_INFORMATION_FORMAT = "dwarf-with-dsym";
				ENABLE_NS_ASSERTIONS = NO;
				ENABLE_STRICT_OBJC_MSGSEND = YES;
				GCC_C_LANGUAGE_STANDARD = gnu99;
				GCC_NO_COMMON_BLOCKS = YES;
				GCC_WARN_64_TO_32_BIT_CONVERSION = YES;
				GCC_WARN_ABOUT_RETURN_TYPE = YES_ERROR;
				GCC_WARN_UNDECLARED_SELECTOR = YES;
				GCC_WARN_UNINITIALIZED_AUTOS = YES_AGGRESSIVE;
				GCC_WARN_UNUSED_FUNCTION = YES;
				GCC_WARN_UNUSED_VARIABLE = YES;
				IPHONEOS_DEPLOYMENT_TARGET = 9.0;
				MTL_ENABLE_DEBUG_INFO = NO;
				SDKROOT = iphoneos;
				SWIFT_OBJC_BRIDGING_HEADER = "/Users/kobayashiyoshiki/projects/auto_timecart/auto_timecart/Bridge-Header.h";
				TARGETED_DEVICE_FAMILY = "1,2";
				VALIDATE_PRODUCT = YES;
			};
			name = Release;
		};
		6A13E41B1C301C5900173FAB /* Debug */ = {
			isa = XCBuildConfiguration;
			baseConfigurationReference = CF1B5B18FDF962DF78FDF036 /* Pods-auto_timecart.debug.xcconfig */;
			buildSettings = {
				ASSETCATALOG_COMPILER_APPICON_NAME = AppIcon;
				INFOPLIST_FILE = auto_timecart/Info.plist;
				IPHONEOS_DEPLOYMENT_TARGET = 8.0;
				LD_RUNPATH_SEARCH_PATHS = "$(inherited) @executable_path/Frameworks";
				PRODUCT_BUNDLE_IDENTIFIER = "com.auto-timecart";
				PRODUCT_NAME = "$(TARGET_NAME)";
				SWIFT_OBJC_BRIDGING_HEADER = "";
			};
			name = Debug;
		};
		6A13E41C1C301C5900173FAB /* Release */ = {
			isa = XCBuildConfiguration;
			baseConfigurationReference = DF07FB0798F0552474338018 /* Pods-auto_timecart.release.xcconfig */;
			buildSettings = {
				ASSETCATALOG_COMPILER_APPICON_NAME = AppIcon;
				INFOPLIST_FILE = auto_timecart/Info.plist;
				IPHONEOS_DEPLOYMENT_TARGET = 8.0;
				LD_RUNPATH_SEARCH_PATHS = "$(inherited) @executable_path/Frameworks";
				PRODUCT_BUNDLE_IDENTIFIER = "com.auto-timecart";
				PRODUCT_NAME = "$(TARGET_NAME)";
				SWIFT_OBJC_BRIDGING_HEADER = "";
			};
			name = Release;
		};
		6A13E41E1C301C5900173FAB /* Debug */ = {
			isa = XCBuildConfiguration;
			buildSettings = {
				BUNDLE_LOADER = "$(TEST_HOST)";
				INFOPLIST_FILE = auto_timecartTests/Info.plist;
				LD_RUNPATH_SEARCH_PATHS = "$(inherited) @executable_path/Frameworks @loader_path/Frameworks";
				PRODUCT_BUNDLE_IDENTIFIER = "com.auto-timecartTests";
				PRODUCT_NAME = "$(TARGET_NAME)";
				TEST_HOST = "$(BUILT_PRODUCTS_DIR)/auto_timecart.app/auto_timecart";
			};
			name = Debug;
		};
		6A13E41F1C301C5900173FAB /* Release */ = {
			isa = XCBuildConfiguration;
			buildSettings = {
				BUNDLE_LOADER = "$(TEST_HOST)";
				INFOPLIST_FILE = auto_timecartTests/Info.plist;
				LD_RUNPATH_SEARCH_PATHS = "$(inherited) @executable_path/Frameworks @loader_path/Frameworks";
				PRODUCT_BUNDLE_IDENTIFIER = "com.auto-timecartTests";
				PRODUCT_NAME = "$(TARGET_NAME)";
				TEST_HOST = "$(BUILT_PRODUCTS_DIR)/auto_timecart.app/auto_timecart";
			};
			name = Release;
		};
		6A13E4211C301C5900173FAB /* Debug */ = {
			isa = XCBuildConfiguration;
			buildSettings = {
				INFOPLIST_FILE = auto_timecartUITests/Info.plist;
				LD_RUNPATH_SEARCH_PATHS = "$(inherited) @executable_path/Frameworks @loader_path/Frameworks";
				PRODUCT_BUNDLE_IDENTIFIER = "com.auto-timecartUITests";
				PRODUCT_NAME = "$(TARGET_NAME)";
				"SWIFT_OBJC_BRIDGING_HEADER[arch=*]" = "";
				TEST_TARGET_NAME = auto_timecart;
				USES_XCTRUNNER = YES;
			};
			name = Debug;
		};
		6A13E4221C301C5900173FAB /* Release */ = {
			isa = XCBuildConfiguration;
			buildSettings = {
				INFOPLIST_FILE = auto_timecartUITests/Info.plist;
				LD_RUNPATH_SEARCH_PATHS = "$(inherited) @executable_path/Frameworks @loader_path/Frameworks";
				PRODUCT_BUNDLE_IDENTIFIER = "com.auto-timecartUITests";
				PRODUCT_NAME = "$(TARGET_NAME)";
				TEST_TARGET_NAME = auto_timecart;
				USES_XCTRUNNER = YES;
			};
			name = Release;
		};
/* End XCBuildConfiguration section */

/* Begin XCConfigurationList section */
		6A13E3ED1C301C5800173FAB /* Build configuration list for PBXProject "auto_timecart" */ = {
			isa = XCConfigurationList;
			buildConfigurations = (
				6A13E4181C301C5900173FAB /* Debug */,
				6A13E4191C301C5900173FAB /* Release */,
			);
			defaultConfigurationIsVisible = 0;
			defaultConfigurationName = Release;
		};
		6A13E41A1C301C5900173FAB /* Build configuration list for PBXNativeTarget "auto_timecart" */ = {
			isa = XCConfigurationList;
			buildConfigurations = (
				6A13E41B1C301C5900173FAB /* Debug */,
				6A13E41C1C301C5900173FAB /* Release */,
			);
			defaultConfigurationIsVisible = 0;
			defaultConfigurationName = Release;
		};
		6A13E41D1C301C5900173FAB /* Build configuration list for PBXNativeTarget "auto_timecartTests" */ = {
			isa = XCConfigurationList;
			buildConfigurations = (
				6A13E41E1C301C5900173FAB /* Debug */,
				6A13E41F1C301C5900173FAB /* Release */,
			);
			defaultConfigurationIsVisible = 0;
			defaultConfigurationName = Release;
		};
		6A13E4201C301C5900173FAB /* Build configuration list for PBXNativeTarget "auto_timecartUITests" */ = {
			isa = XCConfigurationList;
			buildConfigurations = (
				6A13E4211C301C5900173FAB /* Debug */,
				6A13E4221C301C5900173FAB /* Release */,
			);
			defaultConfigurationIsVisible = 0;
			defaultConfigurationName = Release;
		};
/* End XCConfigurationList section */
	};
	rootObject = 6A13E3EA1C301C5800173FAB /* Project object */;
}
